
Microsoft Visual Studio Solution File, Format Version 12.00
# Visual Studio Version 17
VisualStudioVersion = 17.9.34728.123
MinimumVisualStudioVersion = 10.0.40219.1
Project("{9A19103F-16F7-4668-BE54-9A1E7A4F7556}") = "Lip_Sync_Generator", "Lip_Sync_Generator\Lip_Sync_Generator.csproj", "{5DB01D61-3D4A-4287-A393-E4A178F09EC2}"
EndProject
Global
	GlobalSection(SolutionConfigurationPlatforms) = preSolution
		Debug|Any CPU = Debug|Any CPU
		Debug|x64 = Debug|x64
		Release|Any CPU = Release|Any CPU
		Release|x64 = Release|x64
	EndGlobalSection
	GlobalSection(ProjectConfigurationPlatforms) = postSolution
		{5DB01D61-3D4A-4287-A393-E4A178F09EC2}.Debug|Any CPU.ActiveCfg = Debug|Any CPU
		{5DB01D61-3D4A-4287-A393-E4A178F09EC2}.Debug|Any CPU.Build.0 = Debug|Any CPU
		{5DB01D61-3D4A-4287-A393-E4A178F09EC2}.Debug|x64.ActiveCfg = Debug|x64
		{5DB01D61-3D4A-4287-A393-E4A178F09EC2}.Debug|x64.Build.0 = Debug|x64
		{5DB01D61-3D4A-4287-A393-E4A178F09EC2}.Release|Any CPU.ActiveCfg = Release|Any CPU
		{5DB01D61-3D4A-4287-A393-E4A178F09EC2}.Release|Any CPU.Build.0 = Release|Any CPU
		{5DB01D61-3D4A-4287-A393-E4A178F09EC2}.Release|x64.ActiveCfg = Release|x64
		{5DB01D61-3D4A-4287-A393-E4A178F09EC2}.Release|x64.Build.0 = Release|x64
	EndGlobalSection
	GlobalSection(SolutionProperties) = preSolution
		HideSolutionNode = FALSE
	EndGlobalSection
	GlobalSection(ExtensibilityGlobals) = postSolution
		SolutionGuid = {86B88838-882C-40AF-BC6A-7FE918590E62}
	EndGlobalSection
EndGlobal
